
Microsoft Visual Studio Solution File, Format Version 12.00
# Visual Studio Version 17
VisualStudioVersion = 17.6.33829.357
MinimumVisualStudioVersion = 10.0.40219.1
Project("{FAE04EC0-301F-11D3-BF4B-00C04F79EFBC}") = "ConsoleApp22", "ConsoleApp22.csproj", "{6973EA91-180E-4008-ACD0-1FEDD75A313F}"
EndProject
Global
	GlobalSection(SolutionConfigurationPlatforms) = preSolution
		Debug|Any CPU = Debug|Any CPU
		Release|Any CPU = Release|Any CPU
	EndGlobalSection
	GlobalSection(ProjectConfigurationPlatforms) = postSolution
		{6973EA91-180E-4008-ACD0-1FEDD75A313F}.Debug|Any CPU.ActiveCfg = Debug|Any CPU
		{6973EA91-180E-4008-ACD0-1FEDD75A313F}.Debug|Any CPU.Build.0 = Debug|Any CPU
		{6973EA91-180E-4008-ACD0-1FEDD75A313F}.Release|Any CPU.ActiveCfg = Release|Any CPU
		{6973EA91-180E-4008-ACD0-1FEDD75A313F}.Release|Any CPU.Build.0 = Release|Any CPU
	EndGlobalSection
	GlobalSection(SolutionProperties) = preSolution
		HideSolutionNode = FALSE
	EndGlobalSection
	GlobalSection(ExtensibilityGlobals) = postSolution
		SolutionGuid = {A639E93A-AA42-4521-95CD-4D73ECF44104}
	EndGlobalSection
EndGlobal
